
Microsoft Visual Studio Solution File, Format Version 12.00
# Visual Studio Version 16
VisualStudioVersion = 16.0.30320.27
MinimumVisualStudioVersion = 10.0.40219.1
Project("{9A19103F-16F7-4668-BE54-9A1E7A4F7556}") = "CoreApp", "CoreApp\CoreApp.csproj", "{5E6B494D-6B85-4E07-8114-29ACF180A003}"
EndProject
Project("{FAE04EC0-301F-11D3-BF4B-00C04F79EFBC}") = "WebApplication3", "..\WebApplication3\WebApplication3\WebApplication3.csproj", "{77A605CC-DDC3-4814-A517-A5DD4130FB95}"
EndProject
Global
	GlobalSection(SolutionConfigurationPlatforms) = preSolution
		Debug|Any CPU = Debug|Any CPU
		Release|Any CPU = Release|Any CPU
	EndGlobalSection
	GlobalSection(ProjectConfigurationPlatforms) = postSolution
		{5E6B494D-6B85-4E07-8114-29ACF180A003}.Debug|Any CPU.ActiveCfg = Debug|Any CPU
		{5E6B494D-6B85-4E07-8114-29ACF180A003}.Debug|Any CPU.Build.0 = Debug|Any CPU
		{5E6B494D-6B85-4E07-8114-29ACF180A003}.Release|Any CPU.ActiveCfg = Release|Any CPU
		{5E6B494D-6B85-4E07-8114-29ACF180A003}.Release|Any CPU.Build.0 = Release|Any CPU
		{77A605CC-DDC3-4814-A517-A5DD4130FB95}.Debug|Any CPU.ActiveCfg = Debug|Any CPU
		{77A605CC-DDC3-4814-A517-A5DD4130FB95}.Debug|Any CPU.Build.0 = Debug|Any CPU
		{77A605CC-DDC3-4814-A517-A5DD4130FB95}.Release|Any CPU.ActiveCfg = Release|Any CPU
		{77A605CC-DDC3-4814-A517-A5DD4130FB95}.Release|Any CPU.Build.0 = Release|Any CPU
	EndGlobalSection
	GlobalSection(SolutionProperties) = preSolution
		HideSolutionNode = FALSE
	EndGlobalSection
	GlobalSection(ExtensibilityGlobals) = postSolution
		SolutionGuid = {1E0555EE-B4F7-411D-A6AC-55C295E50CC8}
	EndGlobalSection
EndGlobal
